
Microsoft Visual Studio Solution File, Format Version 12.00
# Visual Studio Version 17
VisualStudioVersion = 17.4.33122.133
MinimumVisualStudioVersion = 10.0.40219.1
Project("{FAE04EC0-301F-11D3-BF4B-00C04F79EFBC}") = "WebApplication1", "WebApplication1.csproj", "{EB68E751-3997-4834-B37E-15893F82FFD8}"
EndProject
Global
	GlobalSection(SolutionConfigurationPlatforms) = preSolution
		Debug|Any CPU = Debug|Any CPU
		Release|Any CPU = Release|Any CPU
	EndGlobalSection
	GlobalSection(ProjectConfigurationPlatforms) = postSolution
		{EB68E751-3997-4834-B37E-15893F82FFD8}.Debug|Any CPU.ActiveCfg = Debug|Any CPU
		{EB68E751-3997-4834-B37E-15893F82FFD8}.Debug|Any CPU.Build.0 = Debug|Any CPU
		{EB68E751-3997-4834-B37E-15893F82FFD8}.Release|Any CPU.ActiveCfg = Release|Any CPU
		{EB68E751-3997-4834-B37E-15893F82FFD8}.Release|Any CPU.Build.0 = Release|Any CPU
	EndGlobalSection
	GlobalSection(SolutionProperties) = preSolution
		HideSolutionNode = FALSE
	EndGlobalSection
	GlobalSection(ExtensibilityGlobals) = postSolution
		SolutionGuid = {01282A34-BFBB-4723-BB7F-1E1BC2A32BFE}
	EndGlobalSection
EndGlobal
