
Microsoft Visual Studio Solution File, Format Version 12.00
# Visual Studio Version 17
VisualStudioVersion = 17.6.33712.159
MinimumVisualStudioVersion = 10.0.40219.1
Project("{FAE04EC0-301F-11D3-BF4B-00C04F79EFBC}") = "LoginBackEnd", "LoginBackEnd.csproj", "{81233413-3AAB-4891-96C2-BE0EDFC75C56}"
EndProject
Global
	GlobalSection(SolutionConfigurationPlatforms) = preSolution
		Debug|Any CPU = Debug|Any CPU
		Release|Any CPU = Release|Any CPU
	EndGlobalSection
	GlobalSection(ProjectConfigurationPlatforms) = postSolution
		{81233413-3AAB-4891-96C2-BE0EDFC75C56}.Debug|Any CPU.ActiveCfg = Debug|Any CPU
		{81233413-3AAB-4891-96C2-BE0EDFC75C56}.Debug|Any CPU.Build.0 = Debug|Any CPU
		{81233413-3AAB-4891-96C2-BE0EDFC75C56}.Release|Any CPU.ActiveCfg = Release|Any CPU
		{81233413-3AAB-4891-96C2-BE0EDFC75C56}.Release|Any CPU.Build.0 = Release|Any CPU
	EndGlobalSection
	GlobalSection(SolutionProperties) = preSolution
		HideSolutionNode = FALSE
	EndGlobalSection
	GlobalSection(ExtensibilityGlobals) = postSolution
		SolutionGuid = {E30F03FF-22DF-49F4-AE1F-F951D0670745}
	EndGlobalSection
EndGlobal
